
Microsoft Visual Studio Solution File, Format Version 12.00
# Visual Studio Version 17
VisualStudioVersion = 17.4.33110.190
MinimumVisualStudioVersion = 10.0.40219.1
Project("{FAE04EC0-301F-11D3-BF4B-00C04F79EFBC}") = "remmremmer.RabbitMQ", "remmremmer.RabbitMQ\remmremmer.RabbitMQ.csproj", "{95B0B357-AD98-4245-906A-5FFD92A834E6}"
EndProject
Global
	GlobalSection(SolutionConfigurationPlatforms) = preSolution
		Debug|Any CPU = Debug|Any CPU
		Release|Any CPU = Release|Any CPU
	EndGlobalSection
	GlobalSection(ProjectConfigurationPlatforms) = postSolution
		{95B0B357-AD98-4245-906A-5FFD92A834E6}.Debug|Any CPU.ActiveCfg = Debug|Any CPU
		{95B0B357-AD98-4245-906A-5FFD92A834E6}.Debug|Any CPU.Build.0 = Debug|Any CPU
		{95B0B357-AD98-4245-906A-5FFD92A834E6}.Release|Any CPU.ActiveCfg = Release|Any CPU
		{95B0B357-AD98-4245-906A-5FFD92A834E6}.Release|Any CPU.Build.0 = Release|Any CPU
	EndGlobalSection
	GlobalSection(SolutionProperties) = preSolution
		HideSolutionNode = FALSE
	EndGlobalSection
	GlobalSection(ExtensibilityGlobals) = postSolution
		SolutionGuid = {3C637BAF-C4B5-4D8C-9948-6ACEE03FF41C}
	EndGlobalSection
EndGlobal
